
Microsoft Visual Studio Solution File, Format Version 12.00
# Visual Studio Version 16
VisualStudioVersion = 16.0.29209.62
MinimumVisualStudioVersion = 10.0.40219.1
Project("{FAE04EC0-301F-11D3-BF4B-00C04F79EFBC}") = "HttpHelpers", "HttpHelpers\HttpHelpers.csproj", "{8E915F04-4F55-4120-BF5B-DB05BB29FB24}"
EndProject
Global
	GlobalSection(SolutionConfigurationPlatforms) = preSolution
		Debug|Any CPU = Debug|Any CPU
		Release|Any CPU = Release|Any CPU
	EndGlobalSection
	GlobalSection(ProjectConfigurationPlatforms) = postSolution
		{8E915F04-4F55-4120-BF5B-DB05BB29FB24}.Debug|Any CPU.ActiveCfg = Debug|Any CPU
		{8E915F04-4F55-4120-BF5B-DB05BB29FB24}.Debug|Any CPU.Build.0 = Debug|Any CPU
		{8E915F04-4F55-4120-BF5B-DB05BB29FB24}.Release|Any CPU.ActiveCfg = Release|Any CPU
		{8E915F04-4F55-4120-BF5B-DB05BB29FB24}.Release|Any CPU.Build.0 = Release|Any CPU
	EndGlobalSection
	GlobalSection(SolutionProperties) = preSolution
		HideSolutionNode = FALSE
	EndGlobalSection
	GlobalSection(ExtensibilityGlobals) = postSolution
		SolutionGuid = {56F7ED0F-C055-415B-946E-E25DD126BDBD}
	EndGlobalSection
EndGlobal
