
Microsoft Visual Studio Solution File, Format Version 12.00
# Visual Studio Version 16
VisualStudioVersion = 16.0.29209.62
MinimumVisualStudioVersion = 10.0.40219.1
Project("{9A19103F-16F7-4668-BE54-9A1E7A4F7556}") = "Product.API", "Product.API\Product.API.csproj", "{C0FDB7DA-84BD-4E17-86C4-1D7731DA8AAE}"
EndProject
Project("{2150E333-8FDC-42A3-9474-1A3956D46DE8}") = ".NuGet", ".NuGet", "{187B7A65-27CB-4D62-979E-88DC6C3CE5B5}"
	ProjectSection(SolutionItems) = preProject
		nuget.config = nuget.config
	EndProjectSection
EndProject
Global
	GlobalSection(SolutionConfigurationPlatforms) = preSolution
		Debug|Any CPU = Debug|Any CPU
		Release|Any CPU = Release|Any CPU
	EndGlobalSection
	GlobalSection(ProjectConfigurationPlatforms) = postSolution
		{C0FDB7DA-84BD-4E17-86C4-1D7731DA8AAE}.Debug|Any CPU.ActiveCfg = Debug|Any CPU
		{C0FDB7DA-84BD-4E17-86C4-1D7731DA8AAE}.Debug|Any CPU.Build.0 = Debug|Any CPU
		{C0FDB7DA-84BD-4E17-86C4-1D7731DA8AAE}.Release|Any CPU.ActiveCfg = Release|Any CPU
		{C0FDB7DA-84BD-4E17-86C4-1D7731DA8AAE}.Release|Any CPU.Build.0 = Release|Any CPU
	EndGlobalSection
	GlobalSection(SolutionProperties) = preSolution
		HideSolutionNode = FALSE
	EndGlobalSection
	GlobalSection(ExtensibilityGlobals) = postSolution
		SolutionGuid = {ED482F6B-647B-4B62-B938-463D24ED10CA}
	EndGlobalSection
EndGlobal
