
Microsoft Visual Studio Solution File, Format Version 12.00
# Visual Studio Version 16
VisualStudioVersion = 16.0.29209.62
MinimumVisualStudioVersion = 10.0.40219.1
Project("{9A19103F-16F7-4668-BE54-9A1E7A4F7556}") = "Product.API", "Product.API\Product.API.csproj", "{C0FDB7DA-84BD-4E17-86C4-1D7731DA8AAE}"
EndProject
Project("{9A19103F-16F7-4668-BE54-9A1E7A4F7556}") = "Product", "Product\Product.csproj", "{E96E1137-7718-4C38-8809-2C0015990035}"
EndProject
Project("{2150E333-8FDC-42A3-9474-1A3956D46DE8}") = "Service", "Service", "{08CBAD06-E458-4465-A8D1-7D06745ECC82}"
EndProject
Project("{2150E333-8FDC-42A3-9474-1A3956D46DE8}") = "Client - NuGet", "Client - NuGet", "{3ED303F0-4019-4F31-8D04-621A8681AA58}"
EndProject
Project("{9A19103F-16F7-4668-BE54-9A1E7A4F7556}") = "Product.Client", "Product.Client\Product.Client.csproj", "{B8A9FB85-F121-474A-9D39-642D5959E146}"
EndProject
Project("{2150E333-8FDC-42A3-9474-1A3956D46DE8}") = "Tests", "Tests", "{96FB596D-B1B8-4E61-8469-43DD2E8D0357}"
EndProject
Project("{FAE04EC0-301F-11D3-BF4B-00C04F79EFBC}") = "Product.Tests", "Product.Tests\Product.Tests.csproj", "{C7BB00E7-D7D2-49D1-B5C7-8ED7041BFC15}"
EndProject
Project("{FAE04EC0-301F-11D3-BF4B-00C04F79EFBC}") = "Product.API.Tests", "Product.API.Tests\Product.API.Tests.csproj", "{E4C9D568-6643-4100-82AB-EFFAC4FAA7C9}"
EndProject
Project("{FAE04EC0-301F-11D3-BF4B-00C04F79EFBC}") = "Product.Client.Tests", "Product.Client.Tests\Product.Client.Tests.csproj", "{157E9A03-85C7-41DD-9168-CD08C87A4362}"
EndProject
Global
	GlobalSection(SolutionConfigurationPlatforms) = preSolution
		Debug|Any CPU = Debug|Any CPU
		Release|Any CPU = Release|Any CPU
	EndGlobalSection
	GlobalSection(ProjectConfigurationPlatforms) = postSolution
		{C0FDB7DA-84BD-4E17-86C4-1D7731DA8AAE}.Debug|Any CPU.ActiveCfg = Debug|Any CPU
		{C0FDB7DA-84BD-4E17-86C4-1D7731DA8AAE}.Debug|Any CPU.Build.0 = Debug|Any CPU
		{C0FDB7DA-84BD-4E17-86C4-1D7731DA8AAE}.Release|Any CPU.ActiveCfg = Release|Any CPU
		{C0FDB7DA-84BD-4E17-86C4-1D7731DA8AAE}.Release|Any CPU.Build.0 = Release|Any CPU
		{E96E1137-7718-4C38-8809-2C0015990035}.Debug|Any CPU.ActiveCfg = Debug|Any CPU
		{E96E1137-7718-4C38-8809-2C0015990035}.Debug|Any CPU.Build.0 = Debug|Any CPU
		{E96E1137-7718-4C38-8809-2C0015990035}.Release|Any CPU.ActiveCfg = Release|Any CPU
		{E96E1137-7718-4C38-8809-2C0015990035}.Release|Any CPU.Build.0 = Release|Any CPU
		{B8A9FB85-F121-474A-9D39-642D5959E146}.Debug|Any CPU.ActiveCfg = Debug|Any CPU
		{B8A9FB85-F121-474A-9D39-642D5959E146}.Debug|Any CPU.Build.0 = Debug|Any CPU
		{B8A9FB85-F121-474A-9D39-642D5959E146}.Release|Any CPU.ActiveCfg = Release|Any CPU
		{B8A9FB85-F121-474A-9D39-642D5959E146}.Release|Any CPU.Build.0 = Release|Any CPU
		{C7BB00E7-D7D2-49D1-B5C7-8ED7041BFC15}.Debug|Any CPU.ActiveCfg = Debug|Any CPU
		{C7BB00E7-D7D2-49D1-B5C7-8ED7041BFC15}.Debug|Any CPU.Build.0 = Debug|Any CPU
		{C7BB00E7-D7D2-49D1-B5C7-8ED7041BFC15}.Release|Any CPU.ActiveCfg = Release|Any CPU
		{C7BB00E7-D7D2-49D1-B5C7-8ED7041BFC15}.Release|Any CPU.Build.0 = Release|Any CPU
		{E4C9D568-6643-4100-82AB-EFFAC4FAA7C9}.Debug|Any CPU.ActiveCfg = Debug|Any CPU
		{E4C9D568-6643-4100-82AB-EFFAC4FAA7C9}.Debug|Any CPU.Build.0 = Debug|Any CPU
		{E4C9D568-6643-4100-82AB-EFFAC4FAA7C9}.Release|Any CPU.ActiveCfg = Release|Any CPU
		{E4C9D568-6643-4100-82AB-EFFAC4FAA7C9}.Release|Any CPU.Build.0 = Release|Any CPU
		{157E9A03-85C7-41DD-9168-CD08C87A4362}.Debug|Any CPU.ActiveCfg = Debug|Any CPU
		{157E9A03-85C7-41DD-9168-CD08C87A4362}.Debug|Any CPU.Build.0 = Debug|Any CPU
		{157E9A03-85C7-41DD-9168-CD08C87A4362}.Release|Any CPU.ActiveCfg = Release|Any CPU
		{157E9A03-85C7-41DD-9168-CD08C87A4362}.Release|Any CPU.Build.0 = Release|Any CPU
	EndGlobalSection
	GlobalSection(SolutionProperties) = preSolution
		HideSolutionNode = FALSE
	EndGlobalSection
	GlobalSection(NestedProjects) = preSolution
		{C0FDB7DA-84BD-4E17-86C4-1D7731DA8AAE} = {08CBAD06-E458-4465-A8D1-7D06745ECC82}
		{E96E1137-7718-4C38-8809-2C0015990035} = {08CBAD06-E458-4465-A8D1-7D06745ECC82}
		{B8A9FB85-F121-474A-9D39-642D5959E146} = {3ED303F0-4019-4F31-8D04-621A8681AA58}
		{C7BB00E7-D7D2-49D1-B5C7-8ED7041BFC15} = {96FB596D-B1B8-4E61-8469-43DD2E8D0357}
		{E4C9D568-6643-4100-82AB-EFFAC4FAA7C9} = {96FB596D-B1B8-4E61-8469-43DD2E8D0357}
		{157E9A03-85C7-41DD-9168-CD08C87A4362} = {96FB596D-B1B8-4E61-8469-43DD2E8D0357}
	EndGlobalSection
	GlobalSection(ExtensibilityGlobals) = postSolution
		SolutionGuid = {ED482F6B-647B-4B62-B938-463D24ED10CA}
	EndGlobalSection
EndGlobal
