
Microsoft Visual Studio Solution File, Format Version 12.00
# Visual Studio Version 16
VisualStudioVersion = 16.0.29209.62
MinimumVisualStudioVersion = 10.0.40219.1
Project("{9A19103F-16F7-4668-BE54-9A1E7A4F7556}") = "Order.API", "Order.API\Order.API.csproj", "{11B4CA6C-397C-46D1-8AFB-2CA236A5C7C6}"
EndProject
Project("{9A19103F-16F7-4668-BE54-9A1E7A4F7556}") = "Order", "Order\Order.csproj", "{1F5FC580-6039-4F5B-8BCB-4ADE36CF63B9}"
EndProject
Project("{9A19103F-16F7-4668-BE54-9A1E7A4F7556}") = "Order.Customer", "Order.Customer\Order.Customer.csproj", "{36A03F25-DCB2-44D5-8715-457EDDD534B8}"
EndProject
Project("{2150E333-8FDC-42A3-9474-1A3956D46DE8}") = "Service", "Service", "{AA9B876E-7BBB-44B1-B109-AB70A1E1A0E9}"
EndProject
Project("{2150E333-8FDC-42A3-9474-1A3956D46DE8}") = "Client - NuGet", "Client - NuGet", "{0C235E35-1CBC-4C73-9387-C848F4C70F1F}"
EndProject
Project("{9A19103F-16F7-4668-BE54-9A1E7A4F7556}") = "Order.Product", "Order.Product\Order.Product.csproj", "{F12D7E48-C1D5-4D03-8B3E-705F5B4B28BD}"
EndProject
Project("{FAE04EC0-301F-11D3-BF4B-00C04F79EFBC}") = "Order.Client", "Order.Client\Order.Client.csproj", "{0AB7C597-9912-4F30-92F7-6223EDBA4FF6}"
EndProject
Project("{2150E333-8FDC-42A3-9474-1A3956D46DE8}") = "Tests", "Tests", "{2FE608FF-D52A-4E8F-A9C5-8E9CF568287B}"
EndProject
Project("{FAE04EC0-301F-11D3-BF4B-00C04F79EFBC}") = "Order.Client.Tests", "Order.Client.Tests\Order.Client.Tests.csproj", "{3DD865E4-870B-4BFC-8FA4-9BBC4ED15832}"
EndProject
Project("{FAE04EC0-301F-11D3-BF4B-00C04F79EFBC}") = "Order.Tests", "Order.Tests\Order.Tests.csproj", "{5E1E7CE2-26DB-4C2C-A3EA-D6F58A1C9AAD}"
EndProject
Project("{FAE04EC0-301F-11D3-BF4B-00C04F79EFBC}") = "Order.API.Tests", "Order.API.Tests\Order.API.Tests.csproj", "{DADF8DCC-ED59-49D5-80B1-3A6DCB88AF67}"
EndProject
Project("{FAE04EC0-301F-11D3-BF4B-00C04F79EFBC}") = "Order.Customer.Tests", "Order.Customer.Tests\Order.Customer.Tests.csproj", "{66390AD1-70CF-497D-8443-64944264964C}"
EndProject
Project("{FAE04EC0-301F-11D3-BF4B-00C04F79EFBC}") = "Order.Product.Tests", "Order.Product.Tests\Order.Product.Tests.csproj", "{715D2175-71C7-439D-AD57-F5619A3761AE}"
EndProject
Global
	GlobalSection(SolutionConfigurationPlatforms) = preSolution
		Debug|Any CPU = Debug|Any CPU
		Release|Any CPU = Release|Any CPU
	EndGlobalSection
	GlobalSection(ProjectConfigurationPlatforms) = postSolution
		{11B4CA6C-397C-46D1-8AFB-2CA236A5C7C6}.Debug|Any CPU.ActiveCfg = Debug|Any CPU
		{11B4CA6C-397C-46D1-8AFB-2CA236A5C7C6}.Debug|Any CPU.Build.0 = Debug|Any CPU
		{11B4CA6C-397C-46D1-8AFB-2CA236A5C7C6}.Release|Any CPU.ActiveCfg = Release|Any CPU
		{11B4CA6C-397C-46D1-8AFB-2CA236A5C7C6}.Release|Any CPU.Build.0 = Release|Any CPU
		{1F5FC580-6039-4F5B-8BCB-4ADE36CF63B9}.Debug|Any CPU.ActiveCfg = Debug|Any CPU
		{1F5FC580-6039-4F5B-8BCB-4ADE36CF63B9}.Debug|Any CPU.Build.0 = Debug|Any CPU
		{1F5FC580-6039-4F5B-8BCB-4ADE36CF63B9}.Release|Any CPU.ActiveCfg = Release|Any CPU
		{1F5FC580-6039-4F5B-8BCB-4ADE36CF63B9}.Release|Any CPU.Build.0 = Release|Any CPU
		{36A03F25-DCB2-44D5-8715-457EDDD534B8}.Debug|Any CPU.ActiveCfg = Debug|Any CPU
		{36A03F25-DCB2-44D5-8715-457EDDD534B8}.Debug|Any CPU.Build.0 = Debug|Any CPU
		{36A03F25-DCB2-44D5-8715-457EDDD534B8}.Release|Any CPU.ActiveCfg = Release|Any CPU
		{36A03F25-DCB2-44D5-8715-457EDDD534B8}.Release|Any CPU.Build.0 = Release|Any CPU
		{F12D7E48-C1D5-4D03-8B3E-705F5B4B28BD}.Debug|Any CPU.ActiveCfg = Debug|Any CPU
		{F12D7E48-C1D5-4D03-8B3E-705F5B4B28BD}.Debug|Any CPU.Build.0 = Debug|Any CPU
		{F12D7E48-C1D5-4D03-8B3E-705F5B4B28BD}.Release|Any CPU.ActiveCfg = Release|Any CPU
		{F12D7E48-C1D5-4D03-8B3E-705F5B4B28BD}.Release|Any CPU.Build.0 = Release|Any CPU
		{0AB7C597-9912-4F30-92F7-6223EDBA4FF6}.Debug|Any CPU.ActiveCfg = Debug|Any CPU
		{0AB7C597-9912-4F30-92F7-6223EDBA4FF6}.Debug|Any CPU.Build.0 = Debug|Any CPU
		{0AB7C597-9912-4F30-92F7-6223EDBA4FF6}.Release|Any CPU.ActiveCfg = Release|Any CPU
		{0AB7C597-9912-4F30-92F7-6223EDBA4FF6}.Release|Any CPU.Build.0 = Release|Any CPU
		{3DD865E4-870B-4BFC-8FA4-9BBC4ED15832}.Debug|Any CPU.ActiveCfg = Debug|Any CPU
		{3DD865E4-870B-4BFC-8FA4-9BBC4ED15832}.Debug|Any CPU.Build.0 = Debug|Any CPU
		{3DD865E4-870B-4BFC-8FA4-9BBC4ED15832}.Release|Any CPU.ActiveCfg = Release|Any CPU
		{3DD865E4-870B-4BFC-8FA4-9BBC4ED15832}.Release|Any CPU.Build.0 = Release|Any CPU
		{5E1E7CE2-26DB-4C2C-A3EA-D6F58A1C9AAD}.Debug|Any CPU.ActiveCfg = Debug|Any CPU
		{5E1E7CE2-26DB-4C2C-A3EA-D6F58A1C9AAD}.Debug|Any CPU.Build.0 = Debug|Any CPU
		{5E1E7CE2-26DB-4C2C-A3EA-D6F58A1C9AAD}.Release|Any CPU.ActiveCfg = Release|Any CPU
		{5E1E7CE2-26DB-4C2C-A3EA-D6F58A1C9AAD}.Release|Any CPU.Build.0 = Release|Any CPU
		{DADF8DCC-ED59-49D5-80B1-3A6DCB88AF67}.Debug|Any CPU.ActiveCfg = Debug|Any CPU
		{DADF8DCC-ED59-49D5-80B1-3A6DCB88AF67}.Debug|Any CPU.Build.0 = Debug|Any CPU
		{DADF8DCC-ED59-49D5-80B1-3A6DCB88AF67}.Release|Any CPU.ActiveCfg = Release|Any CPU
		{DADF8DCC-ED59-49D5-80B1-3A6DCB88AF67}.Release|Any CPU.Build.0 = Release|Any CPU
		{66390AD1-70CF-497D-8443-64944264964C}.Debug|Any CPU.ActiveCfg = Debug|Any CPU
		{66390AD1-70CF-497D-8443-64944264964C}.Debug|Any CPU.Build.0 = Debug|Any CPU
		{66390AD1-70CF-497D-8443-64944264964C}.Release|Any CPU.ActiveCfg = Release|Any CPU
		{66390AD1-70CF-497D-8443-64944264964C}.Release|Any CPU.Build.0 = Release|Any CPU
		{715D2175-71C7-439D-AD57-F5619A3761AE}.Debug|Any CPU.ActiveCfg = Debug|Any CPU
		{715D2175-71C7-439D-AD57-F5619A3761AE}.Debug|Any CPU.Build.0 = Debug|Any CPU
		{715D2175-71C7-439D-AD57-F5619A3761AE}.Release|Any CPU.ActiveCfg = Release|Any CPU
		{715D2175-71C7-439D-AD57-F5619A3761AE}.Release|Any CPU.Build.0 = Release|Any CPU
	EndGlobalSection
	GlobalSection(SolutionProperties) = preSolution
		HideSolutionNode = FALSE
	EndGlobalSection
	GlobalSection(NestedProjects) = preSolution
		{11B4CA6C-397C-46D1-8AFB-2CA236A5C7C6} = {AA9B876E-7BBB-44B1-B109-AB70A1E1A0E9}
		{1F5FC580-6039-4F5B-8BCB-4ADE36CF63B9} = {AA9B876E-7BBB-44B1-B109-AB70A1E1A0E9}
		{36A03F25-DCB2-44D5-8715-457EDDD534B8} = {AA9B876E-7BBB-44B1-B109-AB70A1E1A0E9}
		{F12D7E48-C1D5-4D03-8B3E-705F5B4B28BD} = {AA9B876E-7BBB-44B1-B109-AB70A1E1A0E9}
		{0AB7C597-9912-4F30-92F7-6223EDBA4FF6} = {0C235E35-1CBC-4C73-9387-C848F4C70F1F}
		{3DD865E4-870B-4BFC-8FA4-9BBC4ED15832} = {2FE608FF-D52A-4E8F-A9C5-8E9CF568287B}
		{5E1E7CE2-26DB-4C2C-A3EA-D6F58A1C9AAD} = {2FE608FF-D52A-4E8F-A9C5-8E9CF568287B}
		{DADF8DCC-ED59-49D5-80B1-3A6DCB88AF67} = {2FE608FF-D52A-4E8F-A9C5-8E9CF568287B}
		{66390AD1-70CF-497D-8443-64944264964C} = {2FE608FF-D52A-4E8F-A9C5-8E9CF568287B}
		{715D2175-71C7-439D-AD57-F5619A3761AE} = {2FE608FF-D52A-4E8F-A9C5-8E9CF568287B}
	EndGlobalSection
	GlobalSection(ExtensibilityGlobals) = postSolution
		SolutionGuid = {95935459-FBE9-423E-BAEC-1CF80BAE4DC4}
	EndGlobalSection
EndGlobal
